
Microsoft Visual Studio Solution File, Format Version 12.00
# Visual Studio Version 17
VisualStudioVersion = 17.5.002.0
MinimumVisualStudioVersion = 10.0.40219.1
Project("{9A19103F-16F7-4668-BE54-9A1E7A4F7556}") = "RanasOfMewar", "RanasOfMewar.csproj", "{8AE13516-BF19-48F3-A4F5-7B62FE596D04}"
EndProject
Global
	GlobalSection(SolutionConfigurationPlatforms) = preSolution
		Debug|Any CPU = Debug|Any CPU
		Release|Any CPU = Release|Any CPU
	EndGlobalSection
	GlobalSection(ProjectConfigurationPlatforms) = postSolution
		{8AE13516-BF19-48F3-A4F5-7B62FE596D04}.Debug|Any CPU.ActiveCfg = Debug|Any CPU
		{8AE13516-BF19-48F3-A4F5-7B62FE596D04}.Debug|Any CPU.Build.0 = Debug|Any CPU
		{8AE13516-BF19-48F3-A4F5-7B62FE596D04}.Release|Any CPU.ActiveCfg = Release|Any CPU
		{8AE13516-BF19-48F3-A4F5-7B62FE596D04}.Release|Any CPU.Build.0 = Release|Any CPU
	EndGlobalSection
	GlobalSection(SolutionProperties) = preSolution
		HideSolutionNode = FALSE
	EndGlobalSection
	GlobalSection(ExtensibilityGlobals) = postSolution
		SolutionGuid = {0C7E1FEF-A0DD-4CC5-B523-2599C7A9A961}
	EndGlobalSection
EndGlobal
